// !$*UTF8*$!
{
	archiveVersion = 1;
	classes = {
	};
	objectVersion = 56;
	objects = {

/* Begin PBXBuildFile section */
		CD7BE9372CB8EACF00DA9D0F /* AppDelegate.swift in Sources */ = {isa = PBXBuildFile; fileRef = CD7BE9362CB8EACF00DA9D0F /* AppDelegate.swift */; };
		CD7BE9392CB8EACF00DA9D0F /* SceneDelegate.swift in Sources */ = {isa = PBXBuildFile; fileRef = CD7BE9382CB8EACF00DA9D0F /* SceneDelegate.swift */; };
		CD7BE93B2CB8EACF00DA9D0F /* ViewController.swift in Sources */ = {isa = PBXBuildFile; fileRef = CD7BE93A2CB8EACF00DA9D0F /* ViewController.swift */; };
		CD7BE93E2CB8EACF00DA9D0F /* Base in Resources */ = {isa = PBXBuildFile; fileRef = CD7BE93D2CB8EACF00DA9D0F /* Base */; };
		CD7BE9402CB8EAD100DA9D0F /* Assets.xcassets in Resources */ = {isa = PBXBuildFile; fileRef = CD7BE93F2CB8EAD100DA9D0F /* Assets.xcassets */; };
		CD7BE9432CB8EAD100DA9D0F /* Base in Resources */ = {isa = PBXBuildFile; fileRef = CD7BE9422CB8EAD100DA9D0F /* Base */; };
		CD7BE94E2CB8EAD100DA9D0F /* diceTests.swift in Sources */ = {isa = PBXBuildFile; fileRef = CD7BE94D2CB8EAD100DA9D0F /* diceTests.swift */; };
		CD7BE9582CB8EAD100DA9D0F /* diceUITests.swift in Sources */ = {isa = PBXBuildFile; fileRef = CD7BE9572CB8EAD100DA9D0F /* diceUITests.swift */; };
		CD7BE95A2CB8EAD100DA9D0F /* diceUITestsLaunchTests.swift in Sources */ = {isa = PBXBuildFile; fileRef = CD7BE9592CB8EAD100DA9D0F /* diceUITestsLaunchTests.swift */; };
/* End PBXBuildFile section */

/* Begin PBXContainerItemProxy section */
		CD7BE94A2CB8EAD100DA9D0F /* PBXContainerItemProxy */ = {
			isa = PBXContainerItemProxy;
			containerPortal = CD7BE92B2CB8EACF00DA9D0F /* Project object */;
			proxyType = 1;
			remoteGlobalIDString = CD7BE9322CB8EACF00DA9D0F;
			remoteInfo = dice;
		};
		CD7BE9542CB8EAD100DA9D0F /* PBXContainerItemProxy */ = {
			isa = PBXContainerItemProxy;
			containerPortal = CD7BE92B2CB8EACF00DA9D0F /* Project object */;
			proxyType = 1;
			remoteGlobalIDString = CD7BE9322CB8EACF00DA9D0F;
			remoteInfo = dice;
		};
/* End PBXContainerItemProxy section */

/* Begin PBXFileReference section */
		CD7BE9332CB8EACF00DA9D0F /* dice.app */ = {isa = PBXFileReference; explicitFileType = wrapper.application; includeInIndex = 0; path = dice.app; sourceTree = BUILT_PRODUCTS_DIR; };
		CD7BE9362CB8EACF00DA9D0F /* AppDelegate.swift */ = {isa = PBXFileReference; lastKnownFileType = sourcecode.swift; path = AppDelegate.swift; sourceTree = "<group>"; };
		CD7BE9382CB8EACF00DA9D0F /* SceneDelegate.swift */ = {isa = PBXFileReference; lastKnownFileType = sourcecode.swift; path = SceneDelegate.swift; sourceTree = "<group>"; };
		CD7BE93A2CB8EACF00DA9D0F /* ViewController.swift */ = {isa = PBXFileReference; lastKnownFileType = sourcecode.swift; path = ViewController.swift; sourceTree = "<group>"; };
		CD7BE93D2CB8EACF00DA9D0F /* Base */ = {isa = PBXFileReference; lastKnownFileType = file.storyboard; name = Base; path = Base.lproj/Main.storyboard; sourceTree = "<group>"; };
		CD7BE93F2CB8EAD100DA9D0F /* Assets.xcassets */ = {isa = PBXFileReference; lastKnownFileType = folder.assetcatalog; path = Assets.xcassets; sourceTree = "<group>"; };
		CD7BE9422CB8EAD100DA9D0F /* Base */ = {isa = PBXFileReference; lastKnownFileType = file.storyboard; name = Base; path = Base.lproj/LaunchScreen.storyboard; sourceTree = "<group>"; };
		CD7BE9442CB8EAD100DA9D0F /* Info.plist */ = {isa = PBXFileReference; lastKnownFileType = text.plist.xml; path = Info.plist; sourceTree = "<group>"; };
		CD7BE9492CB8EAD100DA9D0F /* diceTests.xctest */ = {isa = PBXFileReference; explicitFileType = wrapper.cfbundle; includeInIndex = 0; path = diceTests.xctest; sourceTree = BUILT_PRODUCTS_DIR; };
		CD7BE94D2CB8EAD100DA9D0F /* diceTests.swift */ = {isa = PBXFileReference; lastKnownFileType = sourcecode.swift; path = diceTests.swift; sourceTree = "<group>"; };
		CD7BE9532CB8EAD100DA9D0F /* diceUITests.xctest */ = {isa = PBXFileReference; explicitFileType = wrapper.cfbundle; includeInIndex = 0; path = diceUITests.xctest; sourceTree = BUILT_PRODUCTS_DIR; };
		CD7BE9572CB8EAD100DA9D0F /* diceUITests.swift */ = {isa = PBXFileReference; lastKnownFileType = sourcecode.swift; path = diceUITests.swift; sourceTree = "<group>"; };
		CD7BE9592CB8EAD100DA9D0F /* diceUITestsLaunchTests.swift */ = {isa = PBXFileReference; lastKnownFileType = sourcecode.swift; path = diceUITestsLaunchTests.swift; sourceTree = "<group>"; };
/* End PBXFileReference section */

/* Begin PBXFrameworksBuildPhase section */
		CD7BE9302CB8EACF00DA9D0F /* Frameworks */ = {
			isa = PBXFrameworksBuildPhase;
			buildActionMask = 2147483647;
			files = (
			);
			runOnlyForDeploymentPostprocessing = 0;
		};
		CD7BE9462CB8EAD100DA9D0F /* Frameworks */ = {
			isa = PBXFrameworksBuildPhase;
			buildActionMask = 2147483647;
			files = (
			);
			runOnlyForDeploymentPostprocessing = 0;
		};
		CD7BE9502CB8EAD100DA9D0F /* Frameworks */ = {
			isa = PBXFrameworksBuildPhase;
			buildActionMask = 2147483647;
			files = (
			);
			runOnlyForDeploymentPostprocessing = 0;
		};
/* End PBXFrameworksBuildPhase section */

/* Begin PBXGroup section */
		CD7BE92A2CB8EACF00DA9D0F = {
			isa = PBXGroup;
			children = (
				CD7BE9352CB8EACF00DA9D0F /* dice */,
				CD7BE94C2CB8EAD100DA9D0F /* diceTests */,
				CD7BE9562CB8EAD100DA9D0F /* diceUITests */,
				CD7BE9342CB8EACF00DA9D0F /* Products */,
			);
			sourceTree = "<group>";
		};
		CD7BE9342CB8EACF00DA9D0F /* Products */ = {
			isa = PBXGroup;
			children = (
				CD7BE9332CB8EACF00DA9D0F /* dice.app */,
				CD7BE9492CB8EAD100DA9D0F /* diceTests.xctest */,
				CD7BE9532CB8EAD100DA9D0F /* diceUITests.xctest */,
			);
			name = Products;
			sourceTree = "<group>";
		};
		CD7BE9352CB8EACF00DA9D0F /* dice */ = {
			isa = PBXGroup;
			children = (
				CD7BE9362CB8EACF00DA9D0F /* AppDelegate.swift */,
				CD7BE9382CB8EACF00DA9D0F /* SceneDelegate.swift */,
				CD7BE93A2CB8EACF00DA9D0F /* ViewController.swift */,
				CD7BE93C2CB8EACF00DA9D0F /* Main.storyboard */,
				CD7BE93F2CB8EAD100DA9D0F /* Assets.xcassets */,
				CD7BE9412CB8EAD100DA9D0F /* LaunchScreen.storyboard */,
				CD7BE9442CB8EAD100DA9D0F /* Info.plist */,
			);
			path = dice;
			sourceTree = "<group>";
		};
		CD7BE94C2CB8EAD100DA9D0F /* diceTests */ = {
			isa = PBXGroup;
			children = (
				CD7BE94D2CB8EAD100DA9D0F /* diceTests.swift */,
			);
			path = diceTests;
			sourceTree = "<group>";
		};
		CD7BE9562CB8EAD100DA9D0F /* diceUITests */ = {
			isa = PBXGroup;
			children = (
				CD7BE9572CB8EAD100DA9D0F /* diceUITests.swift */,
				CD7BE9592CB8EAD100DA9D0F /* diceUITestsLaunchTests.swift */,
			);
			path = diceUITests;
			sourceTree = "<group>";
		};
/* End PBXGroup section */

/* Begin PBXNativeTarget section */
		CD7BE9322CB8EACF00DA9D0F /* dice */ = {
			isa = PBXNativeTarget;
			buildConfigurationList = CD7BE95D2CB8EAD100DA9D0F /* Build configuration list for PBXNativeTarget "dice" */;
			buildPhases = (
				CD7BE92F2CB8EACF00DA9D0F /* Sources */,
				CD7BE9302CB8EACF00DA9D0F /* Frameworks */,
				CD7BE9312CB8EACF00DA9D0F /* Resources */,
			);
			buildRules = (
			);
			dependencies = (
			);
			name = dice;
			productName = dice;
			productReference = CD7BE9332CB8EACF00DA9D0F /* dice.app */;
			productType = "com.apple.product-type.application";
		};
		CD7BE9482CB8EAD100DA9D0F /* diceTests */ = {
			isa = PBXNativeTarget;
			buildConfigurationList = CD7BE9602CB8EAD100DA9D0F /* Build configuration list for PBXNativeTarget "diceTests" */;
			buildPhases = (
				CD7BE9452CB8EAD100DA9D0F /* Sources */,
				CD7BE9462CB8EAD100DA9D0F /* Frameworks */,
				CD7BE9472CB8EAD100DA9D0F /* Resources */,
			);
			buildRules = (
			);
			dependencies = (
				CD7BE94B2CB8EAD100DA9D0F /* PBXTargetDependency */,
			);
			name = diceTests;
			productName = diceTests;
			productReference = CD7BE9492CB8EAD100DA9D0F /* diceTests.xctest */;
			productType = "com.apple.product-type.bundle.unit-test";
		};
		CD7BE9522CB8EAD100DA9D0F /* diceUITests */ = {
			isa = PBXNativeTarget;
			buildConfigurationList = CD7BE9632CB8EAD100DA9D0F /* Build configuration list for PBXNativeTarget "diceUITests" */;
			buildPhases = (
				CD7BE94F2CB8EAD100DA9D0F /* Sources */,
				CD7BE9502CB8EAD100DA9D0F /* Frameworks */,
				CD7BE9512CB8EAD100DA9D0F /* Resources */,
			);
			buildRules = (
			);
			dependencies = (
				CD7BE9552CB8EAD100DA9D0F /* PBXTargetDependency */,
			);
			name = diceUITests;
			productName = diceUITests;
			productReference = CD7BE9532CB8EAD100DA9D0F /* diceUITests.xctest */;
			productType = "com.apple.product-type.bundle.ui-testing";
		};
/* End PBXNativeTarget section */

/* Begin PBXProject section */
		CD7BE92B2CB8EACF00DA9D0F /* Project object */ = {
			isa = PBXProject;
			attributes = {
				BuildIndependentTargetsInParallel = 1;
				LastSwiftUpdateCheck = 1540;
				LastUpgradeCheck = 1540;
				TargetAttributes = {
					CD7BE9322CB8EACF00DA9D0F = {
						CreatedOnToolsVersion = 15.4;
					};
					CD7BE9482CB8EAD100DA9D0F = {
						CreatedOnToolsVersion = 15.4;
						TestTargetID = CD7BE9322CB8EACF00DA9D0F;
					};
					CD7BE9522CB8EAD100DA9D0F = {
						CreatedOnToolsVersion = 15.4;
						TestTargetID = CD7BE9322CB8EACF00DA9D0F;
					};
				};
			};
			buildConfigurationList = CD7BE92E2CB8EACF00DA9D0F /* Build configuration list for PBXProject "dice" */;
			compatibilityVersion = "Xcode 14.0";
			developmentRegion = en;
			hasScannedForEncodings = 0;
			knownRegions = (
				en,
				Base,
			);
			mainGroup = CD7BE92A2CB8EACF00DA9D0F;
			productRefGroup = CD7BE9342CB8EACF00DA9D0F /* Products */;
			projectDirPath = "";
			projectRoot = "";
			targets = (
				CD7BE9322CB8EACF00DA9D0F /* dice */,
				CD7BE9482CB8EAD100DA9D0F /* diceTests */,
				CD7BE9522CB8EAD100DA9D0F /* diceUITests */,
			);
		};
/* End PBXProject section */

/* Begin PBXResourcesBuildPhase section */
		CD7BE9312CB8EACF00DA9D0F /* Resources */ = {
			isa = PBXResourcesBuildPhase;
			buildActionMask = 2147483647;
			files = (
				CD7BE9402CB8EAD100DA9D0F /* Assets.xcassets in Resources */,
				CD7BE9432CB8EAD100DA9D0F /* Base in Resources */,
				CD7BE93E2CB8EACF00DA9D0F /* Base in Resources */,
			);
			runOnlyForDeploymentPostprocessing = 0;
		};
		CD7BE9472CB8EAD100DA9D0F /* Resources */ = {
			isa = PBXResourcesBuildPhase;
			buildActionMask = 2147483647;
			files = (
			);
			runOnlyForDeploymentPostprocessing = 0;
		};
		CD7BE9512CB8EAD100DA9D0F /* Resources */ = {
			isa = PBXResourcesBuildPhase;
			buildActionMask = 2147483647;
			files = (
			);
			runOnlyForDeploymentPostprocessing = 0;
		};
/* End PBXResourcesBuildPhase section */

/* Begin PBXSourcesBuildPhase section */
		CD7BE92F2CB8EACF00DA9D0F /* Sources */ = {
			isa = PBXSourcesBuildPhase;
			buildActionMask = 2147483647;
			files = (
				CD7BE93B2CB8EACF00DA9D0F /* ViewController.swift in Sources */,
				CD7BE9372CB8EACF00DA9D0F /* AppDelegate.swift in Sources */,
				CD7BE9392CB8EACF00DA9D0F /* SceneDelegate.swift in Sources */,
			);
			runOnlyForDeploymentPostprocessing = 0;
		};
		CD7BE9452CB8EAD100DA9D0F /* Sources */ = {
			isa = PBXSourcesBuildPhase;
			buildActionMask = 2147483647;
			files = (
				CD7BE94E2CB8EAD100DA9D0F /* diceTests.swift in Sources */,
			);
			runOnlyForDeploymentPostprocessing = 0;
		};
		CD7BE94F2CB8EAD100DA9D0F /* Sources */ = {
			isa = PBXSourcesBuildPhase;
			buildActionMask = 2147483647;
			files = (
				CD7BE9582CB8EAD100DA9D0F /* diceUITests.swift in Sources */,
				CD7BE95A2CB8EAD100DA9D0F /* diceUITestsLaunchTests.swift in Sources */,
			);
			runOnlyForDeploymentPostprocessing = 0;
		};
/* End PBXSourcesBuildPhase section */

/* Begin PBXTargetDependency section */
		CD7BE94B2CB8EAD100DA9D0F /* PBXTargetDependency */ = {
			isa = PBXTargetDependency;
			target = CD7BE9322CB8EACF00DA9D0F /* dice */;
			targetProxy = CD7BE94A2CB8EAD100DA9D0F /* PBXContainerItemProxy */;
		};
		CD7BE9552CB8EAD100DA9D0F /* PBXTargetDependency */ = {
			isa = PBXTargetDependency;
			target = CD7BE9322CB8EACF00DA9D0F /* dice */;
			targetProxy = CD7BE9542CB8EAD100DA9D0F /* PBXContainerItemProxy */;
		};
/* End PBXTargetDependency section */

/* Begin PBXVariantGroup section */
		CD7BE93C2CB8EACF00DA9D0F /* Main.storyboard */ = {
			isa = PBXVariantGroup;
			children = (
				CD7BE93D2CB8EACF00DA9D0F /* Base */,
			);
			name = Main.storyboard;
			sourceTree = "<group>";
		};
		CD7BE9412CB8EAD100DA9D0F /* LaunchScreen.storyboard */ = {
			isa = PBXVariantGroup;
			children = (
				CD7BE9422CB8EAD100DA9D0F /* Base */,
			);
			name = LaunchScreen.storyboard;
			sourceTree = "<group>";
		};
/* End PBXVariantGroup section */

/* Begin XCBuildConfiguration section */
		CD7BE95B2CB8EAD100DA9D0F /* Debug */ = {
			isa = XCBuildConfiguration;
			buildSettings = {
				ALWAYS_SEARCH_USER_PATHS = NO;
				ASSETCATALOG_COMPILER_GENERATE_SWIFT_ASSET_SYMBOL_EXTENSIONS = YES;
				CLANG_ANALYZER_NONNULL = YES;
				CLANG_ANALYZER_NUMBER_OBJECT_CONVERSION = YES_AGGRESSIVE;
				CLANG_CXX_LANGUAGE_STANDARD = "gnu++20";
				CLANG_ENABLE_MODULES = YES;
				CLANG_ENABLE_OBJC_ARC = YES;
				CLANG_ENABLE_OBJC_WEAK = YES;
				CLANG_WARN_BLOCK_CAPTURE_AUTORELEASING = YES;
				CLANG_WARN_BOOL_CONVERSION = YES;
				CLANG_WARN_COMMA = YES;
				CLANG_WARN_CONSTANT_CONVERSION = YES;
				CLANG_WARN_DEPRECATED_OBJC_IMPLEMENTATIONS = YES;
				CLANG_WARN_DIRECT_OBJC_ISA_USAGE = YES_ERROR;
				CLANG_WARN_DOCUMENTATION_COMMENTS = YES;
				CLANG_WARN_EMPTY_BODY = YES;
				CLANG_WARN_ENUM_CONVERSION = YES;
				CLANG_WARN_INFINITE_RECURSION = YES;
				CLANG_WARN_INT_CONVERSION = YES;
				CLANG_WARN_NON_LITERAL_NULL_CONVERSION = YES;
				CLANG_WARN_OBJC_IMPLICIT_RETAIN_SELF = YES;
				CLANG_WARN_OBJC_LITERAL_CONVERSION = YES;
				CLANG_WARN_OBJC_ROOT_CLASS = YES_ERROR;
				CLANG_WARN_QUOTED_INCLUDE_IN_FRAMEWORK_HEADER = YES;
				CLANG_WARN_RANGE_LOOP_ANALYSIS = YES;
				CLANG_WARN_STRICT_PROTOTYPES = YES;
				CLANG_WARN_SUSPICIOUS_MOVE = YES;
				CLANG_WARN_UNGUARDED_AVAILABILITY = YES_AGGRESSIVE;
				CLANG_WARN_UNREACHABLE_CODE = YES;
				CLANG_WARN__DUPLICATE_METHOD_MATCH = YES;
				COPY_PHASE_STRIP = NO;
				DEBUG_INFORMATION_FORMAT = dwarf;
				ENABLE_STRICT_OBJC_MSGSEND = YES;
				ENABLE_TESTABILITY = YES;
				ENABLE_USER_SCRIPT_SANDBOXING = YES;
				GCC_C_LANGUAGE_STANDARD = gnu17;
				GCC_DYNAMIC_NO_PIC = NO;
				GCC_NO_COMMON_BLOCKS = YES;
				GCC_OPTIMIZATION_LEVEL = 0;
				GCC_PREPROCESSOR_DEFINITIONS = (
					"DEBUG=1",
					"$(inherited)",
				);
				GCC_WARN_64_TO_32_BIT_CONVERSION = YES;
				GCC_WARN_ABOUT_RETURN_TYPE = YES_ERROR;
				GCC_WARN_UNDECLARED_SELECTOR = YES;
				GCC_WARN_UNINITIALIZED_AUTOS = YES_AGGRESSIVE;
				GCC_WARN_UNUSED_FUNCTION = YES;
				GCC_WARN_UNUSED_VARIABLE = YES;
				IPHONEOS_DEPLOYMENT_TARGET = 17.5;
				LOCALIZATION_PREFERS_STRING_CATALOGS = YES;
				MTL_ENABLE_DEBUG_INFO = INCLUDE_SOURCE;
				MTL_FAST_MATH = YES;
				ONLY_ACTIVE_ARCH = YES;
				SDKROOT = iphoneos;
				SWIFT_ACTIVE_COMPILATION_CONDITIONS = "DEBUG $(inherited)";
				SWIFT_OPTIMIZATION_LEVEL = "-Onone";
			};
			name = Debug;
		};
		CD7BE95C2CB8EAD100DA9D0F /* Release */ = {
			isa = XCBuildConfiguration;
			buildSettings = {
				ALWAYS_SEARCH_USER_PATHS = NO;
				ASSETCATALOG_COMPILER_GENERATE_SWIFT_ASSET_SYMBOL_EXTENSIONS = YES;
				CLANG_ANALYZER_NONNULL = YES;
				CLANG_ANALYZER_NUMBER_OBJECT_CONVERSION = YES_AGGRESSIVE;
				CLANG_CXX_LANGUAGE_STANDARD = "gnu++20";
				CLANG_ENABLE_MODULES = YES;
				CLANG_ENABLE_OBJC_ARC = YES;
				CLANG_ENABLE_OBJC_WEAK = YES;
				CLANG_WARN_BLOCK_CAPTURE_AUTORELEASING = YES;
				CLANG_WARN_BOOL_CONVERSION = YES;
				CLANG_WARN_COMMA = YES;
				CLANG_WARN_CONSTANT_CONVERSION = YES;
				CLANG_WARN_DEPRECATED_OBJC_IMPLEMENTATIONS = YES;
				CLANG_WARN_DIRECT_OBJC_ISA_USAGE = YES_ERROR;
				CLANG_WARN_DOCUMENTATION_COMMENTS = YES;
				CLANG_WARN_EMPTY_BODY = YES;
				CLANG_WARN_ENUM_CONVERSION = YES;
				CLANG_WARN_INFINITE_RECURSION = YES;
				CLANG_WARN_INT_CONVERSION = YES;
				CLANG_WARN_NON_LITERAL_NULL_CONVERSION = YES;
				CLANG_WARN_OBJC_IMPLICIT_RETAIN_SELF = YES;
				CLANG_WARN_OBJC_LITERAL_CONVERSION = YES;
				CLANG_WARN_OBJC_ROOT_CLASS = YES_ERROR;
				CLANG_WARN_QUOTED_INCLUDE_IN_FRAMEWORK_HEADER = YES;
				CLANG_WARN_RANGE_LOOP_ANALYSIS = YES;
				CLANG_WARN_STRICT_PROTOTYPES = YES;
				CLANG_WARN_SUSPICIOUS_MOVE = YES;
				CLANG_WARN_UNGUARDED_AVAILABILITY = YES_AGGRESSIVE;
				CLANG_WARN_UNREACHABLE_CODE = YES;
				CLANG_WARN__DUPLICATE_METHOD_MATCH = YES;
				COPY_PHASE_STRIP = NO;
				DEBUG_INFORMATION_FORMAT = "dwarf-with-dsym";
				ENABLE_NS_ASSERTIONS = NO;
				ENABLE_STRICT_OBJC_MSGSEND = YES;
				ENABLE_USER_SCRIPT_SANDBOXING = YES;
				GCC_C_LANGUAGE_STANDARD = gnu17;
				GCC_NO_COMMON_BLOCKS = YES;
				GCC_WARN_64_TO_32_BIT_CONVERSION = YES;
				GCC_WARN_ABOUT_RETURN_TYPE = YES_ERROR;
				GCC_WARN_UNDECLARED_SELECTOR = YES;
				GCC_WARN_UNINITIALIZED_AUTOS = YES_AGGRESSIVE;
				GCC_WARN_UNUSED_FUNCTION = YES;
				GCC_WARN_UNUSED_VARIABLE = YES;
				IPHONEOS_DEPLOYMENT_TARGET = 17.5;
				LOCALIZATION_PREFERS_STRING_CATALOGS = YES;
				MTL_ENABLE_DEBUG_INFO = NO;
				MTL_FAST_MATH = YES;
				SDKROOT = iphoneos;
				SWIFT_COMPILATION_MODE = wholemodule;
				VALIDATE_PRODUCT = YES;
			};
			name = Release;
		};
		CD7BE95E2CB8EAD100DA9D0F /* Debug */ = {
			isa = XCBuildConfiguration;
			buildSettings = {
				ASSETCATALOG_COMPILER_APPICON_NAME = AppIcon;
				ASSETCATALOG_COMPILER_GLOBAL_ACCENT_COLOR_NAME = AccentColor;
				CODE_SIGN_STYLE = Automatic;
				CURRENT_PROJECT_VERSION = 1;
				DEVELOPMENT_TEAM = HV92AARD3J;
				GENERATE_INFOPLIST_FILE = YES;
				INFOPLIST_FILE = dice/Info.plist;
				INFOPLIST_KEY_UIApplicationSupportsIndirectInputEvents = YES;
				INFOPLIST_KEY_UILaunchStoryboardName = LaunchScreen;
				INFOPLIST_KEY_UIMainStoryboardFile = Main;
				INFOPLIST_KEY_UISupportedInterfaceOrientations_iPad = "UIInterfaceOrientationPortrait UIInterfaceOrientationPortraitUpsideDown UIInterfaceOrientationLandscapeLeft UIInterfaceOrientationLandscapeRight";
				INFOPLIST_KEY_UISupportedInterfaceOrientations_iPhone = "UIInterfaceOrientationPortrait UIInterfaceOrientationLandscapeLeft UIInterfaceOrientationLandscapeRight";
				LD_RUNPATH_SEARCH_PATHS = (
					"$(inherited)",
					"@executable_path/Frameworks",
				);
				MARKETING_VERSION = 1.0;
				PRODUCT_BUNDLE_IDENTIFIER = lialma.dice;
				PRODUCT_NAME = "$(TARGET_NAME)";
				SWIFT_EMIT_LOC_STRINGS = YES;
				SWIFT_VERSION = 5.0;
				TARGETED_DEVICE_FAMILY = "1,2";
			};
			name = Debug;
		};
		CD7BE95F2CB8EAD100DA9D0F /* Release */ = {
			isa = XCBuildConfiguration;
			buildSettings = {
				ASSETCATALOG_COMPILER_APPICON_NAME = AppIcon;
				ASSETCATALOG_COMPILER_GLOBAL_ACCENT_COLOR_NAME = AccentColor;
				CODE_SIGN_STYLE = Automatic;
				CURRENT_PROJECT_VERSION = 1;
				DEVELOPMENT_TEAM = HV92AARD3J;
				GENERATE_INFOPLIST_FILE = YES;
				INFOPLIST_FILE = dice/Info.plist;
				INFOPLIST_KEY_UIApplicationSupportsIndirectInputEvents = YES;
				INFOPLIST_KEY_UILaunchStoryboardName = LaunchScreen;
				INFOPLIST_KEY_UIMainStoryboardFile = Main;
				INFOPLIST_KEY_UISupportedInterfaceOrientations_iPad = "UIInterfaceOrientationPortrait UIInterfaceOrientationPortraitUpsideDown UIInterfaceOrientationLandscapeLeft UIInterfaceOrientationLandscapeRight";
				INFOPLIST_KEY_UISupportedInterfaceOrientations_iPhone = "UIInterfaceOrientationPortrait UIInterfaceOrientationLandscapeLeft UIInterfaceOrientationLandscapeRight";
				LD_RUNPATH_SEARCH_PATHS = (
					"$(inherited)",
					"@executable_path/Frameworks",
				);
				MARKETING_VERSION = 1.0;
				PRODUCT_BUNDLE_IDENTIFIER = lialma.dice;
				PRODUCT_NAME = "$(TARGET_NAME)";
				SWIFT_EMIT_LOC_STRINGS = YES;
				SWIFT_VERSION = 5.0;
				TARGETED_DEVICE_FAMILY = "1,2";
			};
			name = Release;
		};
		CD7BE9612CB8EAD100DA9D0F /* Debug */ = {
			isa = XCBuildConfiguration;
			buildSettings = {
				ALWAYS_EMBED_SWIFT_STANDARD_LIBRARIES = YES;
				BUNDLE_LOADER = "$(TEST_HOST)";
				CODE_SIGN_STYLE = Automatic;
				CURRENT_PROJECT_VERSION = 1;
				DEVELOPMENT_TEAM = HV92AARD3J;
				GENERATE_INFOPLIST_FILE = YES;
				IPHONEOS_DEPLOYMENT_TARGET = 17.5;
				MARKETING_VERSION = 1.0;
				PRODUCT_BUNDLE_IDENTIFIER = lialma.diceTests;
				PRODUCT_NAME = "$(TARGET_NAME)";
				SWIFT_EMIT_LOC_STRINGS = NO;
				SWIFT_VERSION = 5.0;
				TARGETED_DEVICE_FAMILY = "1,2";
				TEST_HOST = "$(BUILT_PRODUCTS_DIR)/dice.app/$(BUNDLE_EXECUTABLE_FOLDER_PATH)/dice";
			};
			name = Debug;
		};
		CD7BE9622CB8EAD100DA9D0F /* Release */ = {
			isa = XCBuildConfiguration;
			buildSettings = {
				ALWAYS_EMBED_SWIFT_STANDARD_LIBRARIES = YES;
				BUNDLE_LOADER = "$(TEST_HOST)";
				CODE_SIGN_STYLE = Automatic;
				CURRENT_PROJECT_VERSION = 1;
				DEVELOPMENT_TEAM = HV92AARD3J;
				GENERATE_INFOPLIST_FILE = YES;
				IPHONEOS_DEPLOYMENT_TARGET = 17.5;
				MARKETING_VERSION = 1.0;
				PRODUCT_BUNDLE_IDENTIFIER = lialma.diceTests;
				PRODUCT_NAME = "$(TARGET_NAME)";
				SWIFT_EMIT_LOC_STRINGS = NO;
				SWIFT_VERSION = 5.0;
				TARGETED_DEVICE_FAMILY = "1,2";
				TEST_HOST = "$(BUILT_PRODUCTS_DIR)/dice.app/$(BUNDLE_EXECUTABLE_FOLDER_PATH)/dice";
			};
			name = Release;
		};
		CD7BE9642CB8EAD100DA9D0F /* Debug */ = {
			isa = XCBuildConfiguration;
			buildSettings = {
				ALWAYS_EMBED_SWIFT_STANDARD_LIBRARIES = YES;
				CODE_SIGN_STYLE = Automatic;
				CURRENT_PROJECT_VERSION = 1;
				DEVELOPMENT_TEAM = HV92AARD3J;
				GENERATE_INFOPLIST_FILE = YES;
				MARKETING_VERSION = 1.0;
				PRODUCT_BUNDLE_IDENTIFIER = lialma.diceUITests;
				PRODUCT_NAME = "$(TARGET_NAME)";
				SWIFT_EMIT_LOC_STRINGS = NO;
				SWIFT_VERSION = 5.0;
				TARGETED_DEVICE_FAMILY = "1,2";
				TEST_TARGET_NAME = dice;
			};
			name = Debug;
		};
		CD7BE9652CB8EAD100DA9D0F /* Release */ = {
			isa = XCBuildConfiguration;
			buildSettings = {
				ALWAYS_EMBED_SWIFT_STANDARD_LIBRARIES = YES;
				CODE_SIGN_STYLE = Automatic;
				CURRENT_PROJECT_VERSION = 1;
				DEVELOPMENT_TEAM = HV92AARD3J;
				GENERATE_INFOPLIST_FILE = YES;
				MARKETING_VERSION = 1.0;
				PRODUCT_BUNDLE_IDENTIFIER = lialma.diceUITests;
				PRODUCT_NAME = "$(TARGET_NAME)";
				SWIFT_EMIT_LOC_STRINGS = NO;
				SWIFT_VERSION = 5.0;
				TARGETED_DEVICE_FAMILY = "1,2";
				TEST_TARGET_NAME = dice;
			};
			name = Release;
		};
/* End XCBuildConfiguration section */

/* Begin XCConfigurationList section */
		CD7BE92E2CB8EACF00DA9D0F /* Build configuration list for PBXProject "dice" */ = {
			isa = XCConfigurationList;
			buildConfigurations = (
				CD7BE95B2CB8EAD100DA9D0F /* Debug */,
				CD7BE95C2CB8EAD100DA9D0F /* Release */,
			);
			defaultConfigurationIsVisible = 0;
			defaultConfigurationName = Release;
		};
		CD7BE95D2CB8EAD100DA9D0F /* Build configuration list for PBXNativeTarget "dice" */ = {
			isa = XCConfigurationList;
			buildConfigurations = (
				CD7BE95E2CB8EAD100DA9D0F /* Debug */,
				CD7BE95F2CB8EAD100DA9D0F /* Release */,
			);
			defaultConfigurationIsVisible = 0;
			defaultConfigurationName = Release;
		};
		CD7BE9602CB8EAD100DA9D0F /* Build configuration list for PBXNativeTarget "diceTests" */ = {
			isa = XCConfigurationList;
			buildConfigurations = (
				CD7BE9612CB8EAD100DA9D0F /* Debug */,
				CD7BE9622CB8EAD100DA9D0F /* Release */,
			);
			defaultConfigurationIsVisible = 0;
			defaultConfigurationName = Release;
		};
		CD7BE9632CB8EAD100DA9D0F /* Build configuration list for PBXNativeTarget "diceUITests" */ = {
			isa = XCConfigurationList;
			buildConfigurations = (
				CD7BE9642CB8EAD100DA9D0F /* Debug */,
				CD7BE9652CB8EAD100DA9D0F /* Release */,
			);
			defaultConfigurationIsVisible = 0;
			defaultConfigurationName = Release;
		};
/* End XCConfigurationList section */
	};
	rootObject = CD7BE92B2CB8EACF00DA9D0F /* Project object */;
}
